
Microsoft Visual Studio Solution File, Format Version 12.00
# Visual Studio Version 17
VisualStudioVersion = 17.7.34018.315
MinimumVisualStudioVersion = 10.0.40219.1
Project("{2150E333-8FDC-42A3-9474-1A3956D46DE8}") = "src", "src", "{4713E603-79BE-466C-AEE2-8874350D16DD}"
EndProject
Project("{2150E333-8FDC-42A3-9474-1A3956D46DE8}") = "core", "core", "{598FDC14-08C2-46AD-B5BC-42859488C6C4}"
EndProject
Project("{2150E333-8FDC-42A3-9474-1A3956D46DE8}") = "distributed services", "distributed services", "{460FE58F-4E8C-4796-AAF9-4BE5E3E3A469}"
EndProject
Project("{2150E333-8FDC-42A3-9474-1A3956D46DE8}") = "infrastructure", "infrastructure", "{D811C73C-AC83-4CD3-9995-274B47996ECB}"
EndProject
Project("{FAE04EC0-301F-11D3-BF4B-00C04F79EFBC}") = "Domain", "Domain\Domain.csproj", "{43DE3294-5B8F-42B9-AA39-5E879B06DDD5}"
EndProject
Project("{FAE04EC0-301F-11D3-BF4B-00C04F79EFBC}") = "Application", "Application\Application.csproj", "{DF6DD236-7C8A-47F5-9F79-D577381D35F6}"
EndProject
Project("{FAE04EC0-301F-11D3-BF4B-00C04F79EFBC}") = "API_GCH", "API_GCH\API_GCH.csproj", "{B9707B0C-A030-4A2F-BF64-C43AFE26E079}"
EndProject
Project("{FAE04EC0-301F-11D3-BF4B-00C04F79EFBC}") = "Persistance", "Persistance\Persistance.csproj", "{03DEFF37-EE4D-40FD-8A9A-C83B09E259E4}"
EndProject
Project("{FAE04EC0-301F-11D3-BF4B-00C04F79EFBC}") = "Shared", "Shared\Shared.csproj", "{26729168-7A54-43FF-826E-FB539A0C2300}"
EndProject
Global
	GlobalSection(SolutionConfigurationPlatforms) = preSolution
		Debug|Any CPU = Debug|Any CPU
		Release|Any CPU = Release|Any CPU
	EndGlobalSection
	GlobalSection(ProjectConfigurationPlatforms) = postSolution
		{43DE3294-5B8F-42B9-AA39-5E879B06DDD5}.Debug|Any CPU.ActiveCfg = Debug|Any CPU
		{43DE3294-5B8F-42B9-AA39-5E879B06DDD5}.Debug|Any CPU.Build.0 = Debug|Any CPU
		{43DE3294-5B8F-42B9-AA39-5E879B06DDD5}.Release|Any CPU.ActiveCfg = Release|Any CPU
		{43DE3294-5B8F-42B9-AA39-5E879B06DDD5}.Release|Any CPU.Build.0 = Release|Any CPU
		{DF6DD236-7C8A-47F5-9F79-D577381D35F6}.Debug|Any CPU.ActiveCfg = Debug|Any CPU
		{DF6DD236-7C8A-47F5-9F79-D577381D35F6}.Debug|Any CPU.Build.0 = Debug|Any CPU
		{DF6DD236-7C8A-47F5-9F79-D577381D35F6}.Release|Any CPU.ActiveCfg = Release|Any CPU
		{DF6DD236-7C8A-47F5-9F79-D577381D35F6}.Release|Any CPU.Build.0 = Release|Any CPU
		{B9707B0C-A030-4A2F-BF64-C43AFE26E079}.Debug|Any CPU.ActiveCfg = Debug|Any CPU
		{B9707B0C-A030-4A2F-BF64-C43AFE26E079}.Debug|Any CPU.Build.0 = Debug|Any CPU
		{B9707B0C-A030-4A2F-BF64-C43AFE26E079}.Release|Any CPU.ActiveCfg = Release|Any CPU
		{B9707B0C-A030-4A2F-BF64-C43AFE26E079}.Release|Any CPU.Build.0 = Release|Any CPU
		{03DEFF37-EE4D-40FD-8A9A-C83B09E259E4}.Debug|Any CPU.ActiveCfg = Debug|Any CPU
		{03DEFF37-EE4D-40FD-8A9A-C83B09E259E4}.Debug|Any CPU.Build.0 = Debug|Any CPU
		{03DEFF37-EE4D-40FD-8A9A-C83B09E259E4}.Release|Any CPU.ActiveCfg = Release|Any CPU
		{03DEFF37-EE4D-40FD-8A9A-C83B09E259E4}.Release|Any CPU.Build.0 = Release|Any CPU
		{26729168-7A54-43FF-826E-FB539A0C2300}.Debug|Any CPU.ActiveCfg = Debug|Any CPU
		{26729168-7A54-43FF-826E-FB539A0C2300}.Debug|Any CPU.Build.0 = Debug|Any CPU
		{26729168-7A54-43FF-826E-FB539A0C2300}.Release|Any CPU.ActiveCfg = Release|Any CPU
		{26729168-7A54-43FF-826E-FB539A0C2300}.Release|Any CPU.Build.0 = Release|Any CPU
	EndGlobalSection
	GlobalSection(SolutionProperties) = preSolution
		HideSolutionNode = FALSE
	EndGlobalSection
	GlobalSection(NestedProjects) = preSolution
		{598FDC14-08C2-46AD-B5BC-42859488C6C4} = {4713E603-79BE-466C-AEE2-8874350D16DD}
		{460FE58F-4E8C-4796-AAF9-4BE5E3E3A469} = {4713E603-79BE-466C-AEE2-8874350D16DD}
		{D811C73C-AC83-4CD3-9995-274B47996ECB} = {4713E603-79BE-466C-AEE2-8874350D16DD}
		{43DE3294-5B8F-42B9-AA39-5E879B06DDD5} = {598FDC14-08C2-46AD-B5BC-42859488C6C4}
		{DF6DD236-7C8A-47F5-9F79-D577381D35F6} = {598FDC14-08C2-46AD-B5BC-42859488C6C4}
		{B9707B0C-A030-4A2F-BF64-C43AFE26E079} = {460FE58F-4E8C-4796-AAF9-4BE5E3E3A469}
		{03DEFF37-EE4D-40FD-8A9A-C83B09E259E4} = {D811C73C-AC83-4CD3-9995-274B47996ECB}
		{26729168-7A54-43FF-826E-FB539A0C2300} = {D811C73C-AC83-4CD3-9995-274B47996ECB}
	EndGlobalSection
	GlobalSection(ExtensibilityGlobals) = postSolution
		SolutionGuid = {68872CD8-83A7-4ADA-8040-3A1B2E217648}
	EndGlobalSection
EndGlobal
